
Microsoft Visual Studio Solution File, Format Version 12.00
# Visual Studio Version 17
VisualStudioVersion = 17.8.34004.107
MinimumVisualStudioVersion = 10.0.40219.1
Project("{9A19103F-16F7-4668-BE54-9A1E7A4F7556}") = "Dawnsbury.Mods.Ancestries.Lizardfolk", "Dawnsbury.Mods.Ancestries.Lizardfolk.csproj", "{A26C5AFF-ECEF-4713-996D-1B68DA0008CB}"
EndProject
Global
	GlobalSection(SolutionConfigurationPlatforms) = preSolution
		Debug|x64 = Debug|x64
		Release|x64 = Release|x64
	EndGlobalSection
	GlobalSection(ProjectConfigurationPlatforms) = postSolution
		{A26C5AFF-ECEF-4713-996D-1B68DA0008CB}.Debug|x64.ActiveCfg = Debug|x64
		{A26C5AFF-ECEF-4713-996D-1B68DA0008CB}.Debug|x64.Build.0 = Debug|x64
		{A26C5AFF-ECEF-4713-996D-1B68DA0008CB}.Release|x64.ActiveCfg = Release|x64
		{A26C5AFF-ECEF-4713-996D-1B68DA0008CB}.Release|x64.Build.0 = Release|x64
	EndGlobalSection
	GlobalSection(SolutionProperties) = preSolution
		HideSolutionNode = FALSE
	EndGlobalSection
	GlobalSection(ExtensibilityGlobals) = postSolution
		SolutionGuid = {0C1B66EF-267D-4E9E-AAD7-7312F4BA325C}
	EndGlobalSection
EndGlobal
